
Microsoft Visual Studio Solution File, Format Version 12.00
# Visual Studio Version 17
VisualStudioVersion = 17.11.35327.3
MinimumVisualStudioVersion = 10.0.40219.1
Project("{FAE04EC0-301F-11D3-BF4B-00C04F79EFBC}") = "TicTacToe", "TicTacToe\TicTacToe.csproj", "{B3B97341-6023-43B7-A1D2-906EAE4439F0}"
EndProject
Global
	GlobalSection(SolutionConfigurationPlatforms) = preSolution
		Debug|Any CPU = Debug|Any CPU
		Release|Any CPU = Release|Any CPU
	EndGlobalSection
	GlobalSection(ProjectConfigurationPlatforms) = postSolution
		{B3B97341-6023-43B7-A1D2-906EAE4439F0}.Debug|Any CPU.ActiveCfg = Debug|Any CPU
		{B3B97341-6023-43B7-A1D2-906EAE4439F0}.Debug|Any CPU.Build.0 = Debug|Any CPU
		{B3B97341-6023-43B7-A1D2-906EAE4439F0}.Release|Any CPU.ActiveCfg = Release|Any CPU
		{B3B97341-6023-43B7-A1D2-906EAE4439F0}.Release|Any CPU.Build.0 = Release|Any CPU
	EndGlobalSection
	GlobalSection(SolutionProperties) = preSolution
		HideSolutionNode = FALSE
	EndGlobalSection
	GlobalSection(ExtensibilityGlobals) = postSolution
		SolutionGuid = {6B80FE96-2240-49F1-80A2-D35AD21176D5}
	EndGlobalSection
EndGlobal
