
Microsoft Visual Studio Solution File, Format Version 12.00
# Visual Studio Version 17
VisualStudioVersion = 17.11.35327.3
MinimumVisualStudioVersion = 10.0.40219.1
Project("{FAE04EC0-301F-11D3-BF4B-00C04F79EFBC}") = "The Merze Alphabet", "The Merze Alphabet\The Merze Alphabet.csproj", "{EDF464F6-9EF3-495B-980D-B2A55F139528}"
EndProject
Global
	GlobalSection(SolutionConfigurationPlatforms) = preSolution
		Debug|Any CPU = Debug|Any CPU
		Release|Any CPU = Release|Any CPU
	EndGlobalSection
	GlobalSection(ProjectConfigurationPlatforms) = postSolution
		{EDF464F6-9EF3-495B-980D-B2A55F139528}.Debug|Any CPU.ActiveCfg = Debug|Any CPU
		{EDF464F6-9EF3-495B-980D-B2A55F139528}.Debug|Any CPU.Build.0 = Debug|Any CPU
		{EDF464F6-9EF3-495B-980D-B2A55F139528}.Release|Any CPU.ActiveCfg = Release|Any CPU
		{EDF464F6-9EF3-495B-980D-B2A55F139528}.Release|Any CPU.Build.0 = Release|Any CPU
	EndGlobalSection
	GlobalSection(SolutionProperties) = preSolution
		HideSolutionNode = FALSE
	EndGlobalSection
	GlobalSection(ExtensibilityGlobals) = postSolution
		SolutionGuid = {D11B81F9-3CF3-4CA7-98F1-AC9D3A1A0D32}
	EndGlobalSection
EndGlobal
